
Microsoft Visual Studio Solution File, Format Version 12.00
Project("{FAE04EC0-301F-11D3-BF4B-00C04F79EFBC}") = "rowmark", "rowmark\rowmark.csproj", "{2BEAF30B-420E-4CB2-8D67-BCDFE6BB8306}"
EndProject
Global
	GlobalSection(SolutionConfigurationPlatforms) = preSolution
		Debug|Any CPU = Debug|Any CPU
		Release|Any CPU = Release|Any CPU
	EndGlobalSection
	GlobalSection(ProjectConfigurationPlatforms) = postSolution
		{2BEAF30B-420E-4CB2-8D67-BCDFE6BB8306}.Debug|Any CPU.ActiveCfg = Debug|Any CPU
		{2BEAF30B-420E-4CB2-8D67-BCDFE6BB8306}.Debug|Any CPU.Build.0 = Debug|Any CPU
		{2BEAF30B-420E-4CB2-8D67-BCDFE6BB8306}.Release|Any CPU.ActiveCfg = Release|Any CPU
		{2BEAF30B-420E-4CB2-8D67-BCDFE6BB8306}.Release|Any CPU.Build.0 = Release|Any CPU
	EndGlobalSection
EndGlobal
